// !$*UTF8*$!
{
	archiveVersion = 1;
	classes = {
	};
	objectVersion = 46;
	objects = {

/* Begin PBXBuildFile section */
		B41F3D871DDD403A002865E3 /* main.m in Sources */ = {isa = PBXBuildFile; fileRef = B41F3D861DDD403A002865E3 /* main.m */; };
		B41F3D8A1DDD403A002865E3 /* AppDelegate.m in Sources */ = {isa = PBXBuildFile; fileRef = B41F3D891DDD403A002865E3 /* AppDelegate.m */; };
		B41F3D8D1DDD403A002865E3 /* ViewController.m in Sources */ = {isa = PBXBuildFile; fileRef = B41F3D8C1DDD403A002865E3 /* ViewController.m */; };
		B41F3D901DDD403A002865E3 /* Main.storyboard in Resources */ = {isa = PBXBuildFile; fileRef = B41F3D8E1DDD403A002865E3 /* Main.storyboard */; };
		B41F3D921DDD403A002865E3 /* Assets.xcassets in Resources */ = {isa = PBXBuildFile; fileRef = B41F3D911DDD403A002865E3 /* Assets.xcassets */; };
		B41F3D951DDD403A002865E3 /* LaunchScreen.storyboard in Resources */ = {isa = PBXBuildFile; fileRef = B41F3D931DDD403A002865E3 /* LaunchScreen.storyboard */; };
		B41F3D9E1DDD5D43002865E3 /* UIAlertView+Block.m in Sources */ = {isa = PBXBuildFile; fileRef = B41F3D9D1DDD5D43002865E3 /* UIAlertView+Block.m */; };
		B41F3DBA1DDEA9BA002865E3 /* StatusView.m in Sources */ = {isa = PBXBuildFile; fileRef = B41F3DB91DDEA9BA002865E3 /* StatusView.m */; };
		FB10868D1E9B20F400B8EC87 /* Icon-60@2x.png in Resources */ = {isa = PBXBuildFile; fileRef = FB1086871E9B20F400B8EC87 /* Icon-60@2x.png */; };
		FB10868E1E9B20F400B8EC87 /* Icon-60@3x.png in Resources */ = {isa = PBXBuildFile; fileRef = FB1086881E9B20F400B8EC87 /* Icon-60@3x.png */; };
		FB10868F1E9B20F400B8EC87 /* Icon-Small@2x.png in Resources */ = {isa = PBXBuildFile; fileRef = FB1086891E9B20F400B8EC87 /* Icon-Small@2x.png */; };
		FB1086901E9B20F400B8EC87 /* Icon-Small@3x.png in Resources */ = {isa = PBXBuildFile; fileRef = FB10868A1E9B20F400B8EC87 /* Icon-Small@3x.png */; };
		FB1086911E9B20F400B8EC87 /* Icon-Spotlight-40@2x.png in Resources */ = {isa = PBXBuildFile; fileRef = FB10868B1E9B20F400B8EC87 /* Icon-Spotlight-40@2x.png */; };
		FB1086921E9B20F400B8EC87 /* Icon-Spotlight-40@3x.png in Resources */ = {isa = PBXBuildFile; fileRef = FB10868C1E9B20F400B8EC87 /* Icon-Spotlight-40@3x.png */; };
		FB1C94BB1F034C24009086C8 /* SuperViewController.m in Sources */ = {isa = PBXBuildFile; fileRef = FB1C94BA1F034C24009086C8 /* SuperViewController.m */; };
		FB34FE241EA8A1D70001A966 /* ViewController2.m in Sources */ = {isa = PBXBuildFile; fileRef = FB34FE231EA8A1D70001A966 /* ViewController2.m */; };
		FBFAED641E8A037500D69655 /* WebViewController.m in Sources */ = {isa = PBXBuildFile; fileRef = FBFAED631E8A037500D69655 /* WebViewController.m */; };
/* End PBXBuildFile section */

/* Begin PBXFileReference section */
		B41F3D821DDD403A002865E3 /* pc28.app */ = {isa = PBXFileReference; explicitFileType = wrapper.application; includeInIndex = 0; path = pc28.app; sourceTree = BUILT_PRODUCTS_DIR; };
		B41F3D861DDD403A002865E3 /* main.m */ = {isa = PBXFileReference; lastKnownFileType = sourcecode.c.objc; path = main.m; sourceTree = "<group>"; };
		B41F3D881DDD403A002865E3 /* AppDelegate.h */ = {isa = PBXFileReference; lastKnownFileType = sourcecode.c.h; path = AppDelegate.h; sourceTree = "<group>"; };
		B41F3D891DDD403A002865E3 /* AppDelegate.m */ = {isa = PBXFileReference; lastKnownFileType = sourcecode.c.objc; path = AppDelegate.m; sourceTree = "<group>"; };
		B41F3D8B1DDD403A002865E3 /* ViewController.h */ = {isa = PBXFileReference; lastKnownFileType = sourcecode.c.h; path = ViewController.h; sourceTree = "<group>"; };
		B41F3D8C1DDD403A002865E3 /* ViewController.m */ = {isa = PBXFileReference; lastKnownFileType = sourcecode.c.objc; path = ViewController.m; sourceTree = "<group>"; };
		B41F3D8F1DDD403A002865E3 /* Base */ = {isa = PBXFileReference; lastKnownFileType = file.storyboard; name = Base; path = Base.lproj/Main.storyboard; sourceTree = "<group>"; };
		B41F3D911DDD403A002865E3 /* Assets.xcassets */ = {isa = PBXFileReference; lastKnownFileType = folder.assetcatalog; path = Assets.xcassets; sourceTree = "<group>"; };
		B41F3D941DDD403A002865E3 /* Base */ = {isa = PBXFileReference; lastKnownFileType = file.storyboard; name = Base; path = Base.lproj/LaunchScreen.storyboard; sourceTree = "<group>"; };
		B41F3D961DDD403A002865E3 /* Info.plist */ = {isa = PBXFileReference; lastKnownFileType = text.plist.xml; path = Info.plist; sourceTree = "<group>"; };
		B41F3D9C1DDD5D43002865E3 /* UIAlertView+Block.h */ = {isa = PBXFileReference; fileEncoding = 4; lastKnownFileType = sourcecode.c.h; path = "UIAlertView+Block.h"; sourceTree = "<group>"; };
		B41F3D9D1DDD5D43002865E3 /* UIAlertView+Block.m */ = {isa = PBXFileReference; fileEncoding = 4; lastKnownFileType = sourcecode.c.objc; path = "UIAlertView+Block.m"; sourceTree = "<group>"; };
		B41F3DB81DDEA9BA002865E3 /* StatusView.h */ = {isa = PBXFileReference; fileEncoding = 4; lastKnownFileType = sourcecode.c.h; path = StatusView.h; sourceTree = "<group>"; };
		B41F3DB91DDEA9BA002865E3 /* StatusView.m */ = {isa = PBXFileReference; fileEncoding = 4; lastKnownFileType = sourcecode.c.objc; path = StatusView.m; sourceTree = "<group>"; };
		FB1086871E9B20F400B8EC87 /* Icon-60@2x.png */ = {isa = PBXFileReference; lastKnownFileType = image.png; path = "Icon-60@2x.png"; sourceTree = "<group>"; };
		FB1086881E9B20F400B8EC87 /* Icon-60@3x.png */ = {isa = PBXFileReference; lastKnownFileType = image.png; path = "Icon-60@3x.png"; sourceTree = "<group>"; };
		FB1086891E9B20F400B8EC87 /* Icon-Small@2x.png */ = {isa = PBXFileReference; lastKnownFileType = image.png; path = "Icon-Small@2x.png"; sourceTree = "<group>"; };
		FB10868A1E9B20F400B8EC87 /* Icon-Small@3x.png */ = {isa = PBXFileReference; lastKnownFileType = image.png; path = "Icon-Small@3x.png"; sourceTree = "<group>"; };
		FB10868B1E9B20F400B8EC87 /* Icon-Spotlight-40@2x.png */ = {isa = PBXFileReference; lastKnownFileType = image.png; path = "Icon-Spotlight-40@2x.png"; sourceTree = "<group>"; };
		FB10868C1E9B20F400B8EC87 /* Icon-Spotlight-40@3x.png */ = {isa = PBXFileReference; lastKnownFileType = image.png; path = "Icon-Spotlight-40@3x.png"; sourceTree = "<group>"; };
		FB1C94B91F034C24009086C8 /* SuperViewController.h */ = {isa = PBXFileReference; fileEncoding = 4; lastKnownFileType = sourcecode.c.h; path = SuperViewController.h; sourceTree = "<group>"; };
		FB1C94BA1F034C24009086C8 /* SuperViewController.m */ = {isa = PBXFileReference; fileEncoding = 4; lastKnownFileType = sourcecode.c.objc; path = SuperViewController.m; sourceTree = "<group>"; };
		FB34FE221EA8A1D70001A966 /* ViewController2.h */ = {isa = PBXFileReference; fileEncoding = 4; lastKnownFileType = sourcecode.c.h; path = ViewController2.h; sourceTree = "<group>"; };
		FB34FE231EA8A1D70001A966 /* ViewController2.m */ = {isa = PBXFileReference; fileEncoding = 4; lastKnownFileType = sourcecode.c.objc; path = ViewController2.m; sourceTree = "<group>"; };
		FBFAED621E8A037500D69655 /* WebViewController.h */ = {isa = PBXFileReference; fileEncoding = 4; lastKnownFileType = sourcecode.c.h; path = WebViewController.h; sourceTree = "<group>"; };
		FBFAED631E8A037500D69655 /* WebViewController.m */ = {isa = PBXFileReference; fileEncoding = 4; lastKnownFileType = sourcecode.c.objc; path = WebViewController.m; sourceTree = "<group>"; };
/* End PBXFileReference section */

/* Begin PBXFrameworksBuildPhase section */
		B41F3D7F1DDD403A002865E3 /* Frameworks */ = {
			isa = PBXFrameworksBuildPhase;
			buildActionMask = 2147483647;
			files = (
			);
			runOnlyForDeploymentPostprocessing = 0;
		};
/* End PBXFrameworksBuildPhase section */

/* Begin PBXGroup section */
		B41F3D791DDD403A002865E3 = {
			isa = PBXGroup;
			children = (
				B41F3D841DDD403A002865E3 /* pc28 */,
				B41F3D831DDD403A002865E3 /* Products */,
			);
			sourceTree = "<group>";
		};
		B41F3D831DDD403A002865E3 /* Products */ = {
			isa = PBXGroup;
			children = (
				B41F3D821DDD403A002865E3 /* pc28.app */,
			);
			name = Products;
			sourceTree = "<group>";
		};
		B41F3D841DDD403A002865E3 /* pc28 */ = {
			isa = PBXGroup;
			children = (
				B41F3D881DDD403A002865E3 /* AppDelegate.h */,
				FB1086861E9B20AC00B8EC87 /* icon */,
				B41F3D891DDD403A002865E3 /* AppDelegate.m */,
				FB1C94B91F034C24009086C8 /* SuperViewController.h */,
				FB1C94BA1F034C24009086C8 /* SuperViewController.m */,
				B41F3D8B1DDD403A002865E3 /* ViewController.h */,
				B41F3D8C1DDD403A002865E3 /* ViewController.m */,
				FB34FE221EA8A1D70001A966 /* ViewController2.h */,
				FB34FE231EA8A1D70001A966 /* ViewController2.m */,
				B41F3D9C1DDD5D43002865E3 /* UIAlertView+Block.h */,
				B41F3D9D1DDD5D43002865E3 /* UIAlertView+Block.m */,
				B41F3DB81DDEA9BA002865E3 /* StatusView.h */,
				B41F3DB91DDEA9BA002865E3 /* StatusView.m */,
				FBFAED621E8A037500D69655 /* WebViewController.h */,
				FBFAED631E8A037500D69655 /* WebViewController.m */,
				B41F3D8E1DDD403A002865E3 /* Main.storyboard */,
				B41F3D911DDD403A002865E3 /* Assets.xcassets */,
				B41F3D931DDD403A002865E3 /* LaunchScreen.storyboard */,
				B41F3D961DDD403A002865E3 /* Info.plist */,
				B41F3D851DDD403A002865E3 /* Supporting Files */,
			);
			path = pc28;
			sourceTree = "<group>";
		};
		B41F3D851DDD403A002865E3 /* Supporting Files */ = {
			isa = PBXGroup;
			children = (
				B41F3D861DDD403A002865E3 /* main.m */,
			);
			name = "Supporting Files";
			sourceTree = "<group>";
		};
		FB1086861E9B20AC00B8EC87 /* icon */ = {
			isa = PBXGroup;
			children = (
				FB1086871E9B20F400B8EC87 /* Icon-60@2x.png */,
				FB1086881E9B20F400B8EC87 /* Icon-60@3x.png */,
				FB1086891E9B20F400B8EC87 /* Icon-Small@2x.png */,
				FB10868A1E9B20F400B8EC87 /* Icon-Small@3x.png */,
				FB10868B1E9B20F400B8EC87 /* Icon-Spotlight-40@2x.png */,
				FB10868C1E9B20F400B8EC87 /* Icon-Spotlight-40@3x.png */,
			);
			name = icon;
			sourceTree = "<group>";
		};
/* End PBXGroup section */

/* Begin PBXNativeTarget section */
		B41F3D811DDD403A002865E3 /* pc28 */ = {
			isa = PBXNativeTarget;
			buildConfigurationList = B41F3D991DDD403A002865E3 /* Build configuration list for PBXNativeTarget "pc28" */;
			buildPhases = (
				B41F3D7E1DDD403A002865E3 /* Sources */,
				B41F3D7F1DDD403A002865E3 /* Frameworks */,
				B41F3D801DDD403A002865E3 /* Resources */,
			);
			buildRules = (
			);
			dependencies = (
			);
			name = pc28;
			productName = pc28;
			productReference = B41F3D821DDD403A002865E3 /* pc28.app */;
			productType = "com.apple.product-type.application";
		};
/* End PBXNativeTarget section */

/* Begin PBXProject section */
		B41F3D7A1DDD403A002865E3 /* Project object */ = {
			isa = PBXProject;
			attributes = {
				LastUpgradeCheck = 0810;
				ORGANIZATIONNAME = 83830;
				TargetAttributes = {
					B41F3D811DDD403A002865E3 = {
						CreatedOnToolsVersion = 8.1;
						DevelopmentTeam = J49YK46675;
						ProvisioningStyle = Automatic;
					};
				};
			};
			buildConfigurationList = B41F3D7D1DDD403A002865E3 /* Build configuration list for PBXProject "pc28" */;
			compatibilityVersion = "Xcode 3.2";
			developmentRegion = English;
			hasScannedForEncodings = 0;
			knownRegions = (
				en,
				Base,
			);
			mainGroup = B41F3D791DDD403A002865E3;
			productRefGroup = B41F3D831DDD403A002865E3 /* Products */;
			projectDirPath = "";
			projectRoot = "";
			targets = (
				B41F3D811DDD403A002865E3 /* pc28 */,
			);
		};
/* End PBXProject section */

/* Begin PBXResourcesBuildPhase section */
		B41F3D801DDD403A002865E3 /* Resources */ = {
			isa = PBXResourcesBuildPhase;
			buildActionMask = 2147483647;
			files = (
				B41F3D951DDD403A002865E3 /* LaunchScreen.storyboard in Resources */,
				FB1086921E9B20F400B8EC87 /* Icon-Spotlight-40@3x.png in Resources */,
				FB10868E1E9B20F400B8EC87 /* Icon-60@3x.png in Resources */,
				FB1086911E9B20F400B8EC87 /* Icon-Spotlight-40@2x.png in Resources */,
				B41F3D921DDD403A002865E3 /* Assets.xcassets in Resources */,
				FB10868F1E9B20F400B8EC87 /* Icon-Small@2x.png in Resources */,
				B41F3D901DDD403A002865E3 /* Main.storyboard in Resources */,
				FB1086901E9B20F400B8EC87 /* Icon-Small@3x.png in Resources */,
				FB10868D1E9B20F400B8EC87 /* Icon-60@2x.png in Resources */,
			);
			runOnlyForDeploymentPostprocessing = 0;
		};
/* End PBXResourcesBuildPhase section */

/* Begin PBXSourcesBuildPhase section */
		B41F3D7E1DDD403A002865E3 /* Sources */ = {
			isa = PBXSourcesBuildPhase;
			buildActionMask = 2147483647;
			files = (
				FB34FE241EA8A1D70001A966 /* ViewController2.m in Sources */,
				B41F3D8D1DDD403A002865E3 /* ViewController.m in Sources */,
				FBFAED641E8A037500D69655 /* WebViewController.m in Sources */,
				B41F3D9E1DDD5D43002865E3 /* UIAlertView+Block.m in Sources */,
				B41F3DBA1DDEA9BA002865E3 /* StatusView.m in Sources */,
				B41F3D8A1DDD403A002865E3 /* AppDelegate.m in Sources */,
				FB1C94BB1F034C24009086C8 /* SuperViewController.m in Sources */,
				B41F3D871DDD403A002865E3 /* main.m in Sources */,
			);
			runOnlyForDeploymentPostprocessing = 0;
		};
/* End PBXSourcesBuildPhase section */

/* Begin PBXVariantGroup section */
		B41F3D8E1DDD403A002865E3 /* Main.storyboard */ = {
			isa = PBXVariantGroup;
			children = (
				B41F3D8F1DDD403A002865E3 /* Base */,
			);
			name = Main.storyboard;
			sourceTree = "<group>";
		};
		B41F3D931DDD403A002865E3 /* LaunchScreen.storyboard */ = {
			isa = PBXVariantGroup;
			children = (
				B41F3D941DDD403A002865E3 /* Base */,
			);
			name = LaunchScreen.storyboard;
			sourceTree = "<group>";
		};
/* End PBXVariantGroup section */

/* Begin XCBuildConfiguration section */
		B41F3D971DDD403A002865E3 /* Debug */ = {
			isa = XCBuildConfiguration;
			buildSettings = {
				ALWAYS_SEARCH_USER_PATHS = NO;
				CLANG_ANALYZER_NONNULL = YES;
				CLANG_CXX_LANGUAGE_STANDARD = "gnu++0x";
				CLANG_CXX_LIBRARY = "libc++";
				CLANG_ENABLE_MODULES = YES;
				CLANG_ENABLE_OBJC_ARC = YES;
				CLANG_WARN_BOOL_CONVERSION = YES;
				CLANG_WARN_CONSTANT_CONVERSION = YES;
				CLANG_WARN_DIRECT_OBJC_ISA_USAGE = YES_ERROR;
				CLANG_WARN_DOCUMENTATION_COMMENTS = YES;
				CLANG_WARN_EMPTY_BODY = YES;
				CLANG_WARN_ENUM_CONVERSION = YES;
				CLANG_WARN_INFINITE_RECURSION = YES;
				CLANG_WARN_INT_CONVERSION = YES;
				CLANG_WARN_OBJC_ROOT_CLASS = YES_ERROR;
				CLANG_WARN_SUSPICIOUS_MOVES = YES;
				CLANG_WARN_UNREACHABLE_CODE = YES;
				CLANG_WARN__DUPLICATE_METHOD_MATCH = YES;
				"CODE_SIGN_IDENTITY[sdk=iphoneos*]" = "iPhone Developer";
				COPY_PHASE_STRIP = NO;
				DEBUG_INFORMATION_FORMAT = dwarf;
				ENABLE_STRICT_OBJC_MSGSEND = YES;
				ENABLE_TESTABILITY = YES;
				GCC_C_LANGUAGE_STANDARD = gnu99;
				GCC_DYNAMIC_NO_PIC = NO;
				GCC_NO_COMMON_BLOCKS = YES;
				GCC_OPTIMIZATION_LEVEL = 0;
				GCC_PREPROCESSOR_DEFINITIONS = (
					"DEBUG=1",
					"$(inherited)",
				);
				GCC_WARN_64_TO_32_BIT_CONVERSION = YES;
				GCC_WARN_ABOUT_RETURN_TYPE = YES_ERROR;
				GCC_WARN_UNDECLARED_SELECTOR = YES;
				GCC_WARN_UNINITIALIZED_AUTOS = YES_AGGRESSIVE;
				GCC_WARN_UNUSED_FUNCTION = YES;
				GCC_WARN_UNUSED_VARIABLE = YES;
				IPHONEOS_DEPLOYMENT_TARGET = 10.1;
				MTL_ENABLE_DEBUG_INFO = YES;
				ONLY_ACTIVE_ARCH = YES;
				SDKROOT = iphoneos;
			};
			name = Debug;
		};
		B41F3D981DDD403A002865E3 /* Release */ = {
			isa = XCBuildConfiguration;
			buildSettings = {
				ALWAYS_SEARCH_USER_PATHS = NO;
				CLANG_ANALYZER_NONNULL = YES;
				CLANG_CXX_LANGUAGE_STANDARD = "gnu++0x";
				CLANG_CXX_LIBRARY = "libc++";
				CLANG_ENABLE_MODULES = YES;
				CLANG_ENABLE_OBJC_ARC = YES;
				CLANG_WARN_BOOL_CONVERSION = YES;
				CLANG_WARN_CONSTANT_CONVERSION = YES;
				CLANG_WARN_DIRECT_OBJC_ISA_USAGE = YES_ERROR;
				CLANG_WARN_DOCUMENTATION_COMMENTS = YES;
				CLANG_WARN_EMPTY_BODY = YES;
				CLANG_WARN_ENUM_CONVERSION = YES;
				CLANG_WARN_INFINITE_RECURSION = YES;
				CLANG_WARN_INT_CONVERSION = YES;
				CLANG_WARN_OBJC_ROOT_CLASS = YES_ERROR;
				CLANG_WARN_SUSPICIOUS_MOVES = YES;
				CLANG_WARN_UNREACHABLE_CODE = YES;
				CLANG_WARN__DUPLICATE_METHOD_MATCH = YES;
				"CODE_SIGN_IDENTITY[sdk=iphoneos*]" = "iPhone Developer";
				COPY_PHASE_STRIP = NO;
				DEBUG_INFORMATION_FORMAT = "dwarf-with-dsym";
				ENABLE_NS_ASSERTIONS = NO;
				ENABLE_STRICT_OBJC_MSGSEND = YES;
				GCC_C_LANGUAGE_STANDARD = gnu99;
				GCC_NO_COMMON_BLOCKS = YES;
				GCC_WARN_64_TO_32_BIT_CONVERSION = YES;
				GCC_WARN_ABOUT_RETURN_TYPE = YES_ERROR;
				GCC_WARN_UNDECLARED_SELECTOR = YES;
				GCC_WARN_UNINITIALIZED_AUTOS = YES_AGGRESSIVE;
				GCC_WARN_UNUSED_FUNCTION = YES;
				GCC_WARN_UNUSED_VARIABLE = YES;
				IPHONEOS_DEPLOYMENT_TARGET = 10.1;
				MTL_ENABLE_DEBUG_INFO = NO;
				SDKROOT = iphoneos;
				VALIDATE_PRODUCT = YES;
			};
			name = Release;
		};
		B41F3D9A1DDD403A002865E3 /* Debug */ = {
			isa = XCBuildConfiguration;
			buildSettings = {
				ASSETCATALOG_COMPILER_APPICON_NAME = AppIcon;
				"CODE_SIGN_IDENTITY[sdk=iphoneos*]" = "iPhone Developer";
				DEVELOPMENT_TEAM = "";
				INFOPLIST_FILE = pc28/Info.plist;
				IPHONEOS_DEPLOYMENT_TARGET = 8.0;
				LD_RUNPATH_SEARCH_PATHS = "$(inherited) @executable_path/Frameworks";
				PRODUCT_BUNDLE_IDENTIFIER = com.yunlife.pc28got;
				PRODUCT_NAME = "$(TARGET_NAME)";
				PROVISIONING_PROFILE = "";
				PROVISIONING_PROFILE_SPECIFIER = "";
				TARGETED_DEVICE_FAMILY = 1;
			};
			name = Debug;
		};
		B41F3D9B1DDD403A002865E3 /* Release */ = {
			isa = XCBuildConfiguration;
			buildSettings = {
				ASSETCATALOG_COMPILER_APPICON_NAME = AppIcon;
				"CODE_SIGN_IDENTITY[sdk=iphoneos*]" = "iPhone Developer";
				DEVELOPMENT_TEAM = "";
				INFOPLIST_FILE = pc28/Info.plist;
				IPHONEOS_DEPLOYMENT_TARGET = 8.0;
				LD_RUNPATH_SEARCH_PATHS = "$(inherited) @executable_path/Frameworks";
				PRODUCT_BUNDLE_IDENTIFIER = com.yunlife.pc28got;
				PRODUCT_NAME = "$(TARGET_NAME)";
				PROVISIONING_PROFILE = "";
				PROVISIONING_PROFILE_SPECIFIER = "";
				TARGETED_DEVICE_FAMILY = 1;
			};
			name = Release;
		};
/* End XCBuildConfiguration section */

/* Begin XCConfigurationList section */
		B41F3D7D1DDD403A002865E3 /* Build configuration list for PBXProject "pc28" */ = {
			isa = XCConfigurationList;
			buildConfigurations = (
				B41F3D971DDD403A002865E3 /* Debug */,
				B41F3D981DDD403A002865E3 /* Release */,
			);
			defaultConfigurationIsVisible = 0;
			defaultConfigurationName = Release;
		};
		B41F3D991DDD403A002865E3 /* Build configuration list for PBXNativeTarget "pc28" */ = {
			isa = XCConfigurationList;
			buildConfigurations = (
				B41F3D9A1DDD403A002865E3 /* Debug */,
				B41F3D9B1DDD403A002865E3 /* Release */,
			);
			defaultConfigurationIsVisible = 0;
			defaultConfigurationName = Release;
		};
/* End XCConfigurationList section */
	};
	rootObject = B41F3D7A1DDD403A002865E3 /* Project object */;
}
